{
    "_readme": [
        "This file locks the dependencies of your project to a known state",
        "Read more about it at https://getcomposer.org/doc/01-basic-usage.md#installing-dependencies",
        "This file is @generated automatically"
    ],
    "content-hash": "63915007065d71373ffc96adcdd7fb97",
    "packages": [
        {
            "name": "psr/http-message",
            "version": "1.0.1",
            "source": {
                "type": "git",
                "url": "https://github.com/php-fig/http-message.git",
                "reference": "f6561bf28d520154e4b0ec72be95418abe6d9363"
            },
            "dist": {
                "type": "zip",
                "url": "https://api.github.com/repos/php-fig/http-message/zipball/f6561bf28d520154e4b0ec72be95418abe6d9363",
                "reference": "f6561bf28d520154e4b0ec72be95418abe6d9363",
                "shasum": ""
            },
            "require": {
                "php": ">=5.3.0"
            },
            "type": "library",
            "extra": {
                "branch-alias": {
                    "dev-master": "1.0.x-dev"
                }
            },
            "autoload": {
                "psr-4": {
                    "Psr\\Http\\Message\\": "src/"
                }
            },
            "notification-url": "https://packagist.org/downloads/",
            "license": [
                "MIT"
            ],
            "authors": [
                {
                    "name": "PHP-FIG",
                    "homepage": "http://www.php-fig.org/"
                }
            ],
            "description": "Common interface for HTTP messages",
            "homepage": "https://github.com/php-fig/http-message",
            "keywords": [
                "http",
                "http-message",
                "psr",
                "psr-7",
                "request",
                "response"
            ],
            "time": "2016-08-06T14:39:51+00:00"
        },
        {
            "name": "swlib/http",
            "version": "v1.0.8",
            "source": {
                "type": "git",
                "url": "https://github.com/swlib/http.git",
                "reference": "e97d9d05b741d4ee7ef58824a280acf983354d5e"
            },
            "dist": {
                "type": "zip",
                "url": "https://api.github.com/repos/swlib/http/zipball/e97d9d05b741d4ee7ef58824a280acf983354d5e",
                "reference": "e97d9d05b741d4ee7ef58824a280acf983354d5e",
                "shasum": ""
            },
            "require": {
                "php": ">=7.1",
                "psr/http-message": "~1.0"
            },
            "require-dev": {
                "phpunit/phpunit": "~7"
            },
            "type": "library",
            "autoload": {
                "files": [
                    "src/functions.php"
                ],
                "psr-4": {
                    "Swlib\\Http\\": "src"
                }
            },
            "notification-url": "https://packagist.org/downloads/",
            "license": [
                "MIT"
            ],
            "authors": [
                {
                    "name": "twosee",
                    "email": "twose@qq.com"
                }
            ],
            "description": "Swlib-HTTP base class repository, PSR implementation",
            "keywords": [
                "http",
                "php",
                "psr7",
                "swoole"
            ],
            "time": "2020-08-15T10:36:45+00:00"
        },
        {
            "name": "swlib/saber",
            "version": "v1.0.16",
            "source": {
                "type": "git",
                "url": "https://github.com/swlib/saber.git",
                "reference": "7dcecc72cbaa475bf980e4284a734309e0158e97"
            },
            "dist": {
                "type": "zip",
                "url": "https://api.github.com/repos/swlib/saber/zipball/7dcecc72cbaa475bf980e4284a734309e0158e97",
                "reference": "7dcecc72cbaa475bf980e4284a734309e0158e97",
                "shasum": ""
            },
            "require": {
                "php": ">=7.1",
                "swlib/http": "^1.0",
                "swlib/util": "^1.0"
            },
            "require-dev": {
                "phpunit/phpunit": "~7"
            },
            "type": "library",
            "autoload": {
                "classmap": [
                    "src/Saber.php",
                    "src/SaberGM.php"
                ],
                "psr-4": {
                    "Swlib\\Saber\\": "src"
                },
                "files": [
                    "src/include/functions.php"
                ]
            },
            "notification-url": "https://packagist.org/downloads/",
            "license": [
                "Apache-2.0"
            ],
            "authors": [
                {
                    "name": "twosee",
                    "email": "twose@qq.com"
                }
            ],
            "description": "Swoole coroutine HTTP client",
            "keywords": [
                "ajax",
                "axios",
                "client",
                "coroutine",
                "curl",
                "http",
                "php",
                "psr7",
                "requests",
                "swoole"
            ],
            "time": "2020-08-15T10:44:40+00:00"
        },
        {
            "name": "swlib/util",
            "version": "v1.0.3",
            "source": {
                "type": "git",
                "url": "https://github.com/swlib/util.git",
                "reference": "300f551753702f5bfcbfb814d53bdbf057719a43"
            },
            "dist": {
                "type": "zip",
                "url": "https://api.github.com/repos/swlib/util/zipball/300f551753702f5bfcbfb814d53bdbf057719a43",
                "reference": "300f551753702f5bfcbfb814d53bdbf057719a43",
                "shasum": ""
            },
            "require": {
                "php": ">=7.0"
            },
            "require-dev": {
                "phpunit/phpunit": "~7"
            },
            "type": "library",
            "autoload": {
                "psr-4": {
                    "Swlib\\Util\\": "src"
                }
            },
            "notification-url": "https://packagist.org/downloads/",
            "license": [
                "Apache-2.0"
            ],
            "authors": [
                {
                    "name": "twosee",
                    "email": "twose@qq.com"
                }
            ],
            "description": "Swlib Toolkit",
            "keywords": [
                "php",
                "swlib",
                "swoole",
                "util"
            ],
            "time": "2020-08-24T10:00:58+00:00"
        }
    ],
    "packages-dev": [],
    "aliases": [],
    "minimum-stability": "stable",
    "stability-flags": [],
    "prefer-stable": false,
    "prefer-lowest": false,
    "platform": [],
    "platform-dev": [],
    "plugin-api-version": "1.1.0"
}
